
Microsoft Visual Studio Solution File, Format Version 12.00
# Visual Studio 15
VisualStudioVersion = 15.0.28010.2046
MinimumVisualStudioVersion = 10.0.40219.1
Project("{FAE04EC0-301F-11D3-BF4B-00C04F79EFBC}") = "WindowsFormsApp1", "WindowsFormsApp1\WindowsFormsApp1.csproj", "{8848BB9E-8C24-4CBC-AA92-0BE438E5BC83}"
EndProject
Project("{54435603-DBB4-11D2-8724-00A0C9A8B90C}") = "Finding Roots Setup", "Finding Roots Setup\Finding Roots Setup.vdproj", "{7EF80673-8F68-49CD-8223-FE54D0C242B7}"
EndProject
Global
	GlobalSection(SolutionConfigurationPlatforms) = preSolution
		Debug|Any CPU = Debug|Any CPU
		Release|Any CPU = Release|Any CPU
	EndGlobalSection
	GlobalSection(ProjectConfigurationPlatforms) = postSolution
		{8848BB9E-8C24-4CBC-AA92-0BE438E5BC83}.Debug|Any CPU.ActiveCfg = Debug|Any CPU
		{8848BB9E-8C24-4CBC-AA92-0BE438E5BC83}.Debug|Any CPU.Build.0 = Debug|Any CPU
		{8848BB9E-8C24-4CBC-AA92-0BE438E5BC83}.Release|Any CPU.ActiveCfg = Release|Any CPU
		{8848BB9E-8C24-4CBC-AA92-0BE438E5BC83}.Release|Any CPU.Build.0 = Release|Any CPU
		{7EF80673-8F68-49CD-8223-FE54D0C242B7}.Debug|Any CPU.ActiveCfg = Debug
		{7EF80673-8F68-49CD-8223-FE54D0C242B7}.Release|Any CPU.ActiveCfg = Release
	EndGlobalSection
	GlobalSection(SolutionProperties) = preSolution
		HideSolutionNode = FALSE
	EndGlobalSection
	GlobalSection(ExtensibilityGlobals) = postSolution
		SolutionGuid = {678D7AF7-4511-4980-A6AD-14F44BC2D649}
	EndGlobalSection
EndGlobal
